
Microsoft Visual Studio Solution File, Format Version 12.00
# Visual Studio 15
VisualStudioVersion = 15.0.27428.2043
MinimumVisualStudioVersion = 10.0.40219.1
Project("{F184B08F-C81C-45F6-A57F-5ABD9991F28F}") = "ДЕРЕВО", "ДЕРЕВО.vbproj", "{646083F5-3760-4945-8F0C-BB895ADA8BFC}"
EndProject
Global
	GlobalSection(SolutionConfigurationPlatforms) = preSolution
		Debug|Any CPU = Debug|Any CPU
		Release|Any CPU = Release|Any CPU
	EndGlobalSection
	GlobalSection(ProjectConfigurationPlatforms) = postSolution
		{646083F5-3760-4945-8F0C-BB895ADA8BFC}.Debug|Any CPU.ActiveCfg = Debug|Any CPU
		{646083F5-3760-4945-8F0C-BB895ADA8BFC}.Debug|Any CPU.Build.0 = Debug|Any CPU
		{646083F5-3760-4945-8F0C-BB895ADA8BFC}.Release|Any CPU.ActiveCfg = Release|Any CPU
		{646083F5-3760-4945-8F0C-BB895ADA8BFC}.Release|Any CPU.Build.0 = Release|Any CPU
	EndGlobalSection
	GlobalSection(SolutionProperties) = preSolution
		HideSolutionNode = FALSE
	EndGlobalSection
	GlobalSection(ExtensibilityGlobals) = postSolution
		SolutionGuid = {966082AD-8B67-4480-AE5A-AAF5C5F7BA47}
	EndGlobalSection
EndGlobal
